// !$*UTF8*$!
{
	archiveVersion = 1;
	classes = {
	};
	objectVersion = 50;
	objects = {

/* Begin PBXBuildFile section */
		1FA43BD3224E569900F565CB /* AppDelegate.swift in Sources */ = {isa = PBXBuildFile; fileRef = 1FA43BD2224E569900F565CB /* AppDelegate.swift */; };
		1FA43BD5224E569900F565CB /* ViewController.swift in Sources */ = {isa = PBXBuildFile; fileRef = 1FA43BD4224E569900F565CB /* ViewController.swift */; };
		1FA43BD8224E569900F565CB /* Main.storyboard in Resources */ = {isa = PBXBuildFile; fileRef = 1FA43BD6224E569900F565CB /* Main.storyboard */; };
		1FA43BDA224E569A00F565CB /* Assets.xcassets in Resources */ = {isa = PBXBuildFile; fileRef = 1FA43BD9224E569A00F565CB /* Assets.xcassets */; };
		1FA43BDD224E569A00F565CB /* LaunchScreen.storyboard in Resources */ = {isa = PBXBuildFile; fileRef = 1FA43BDB224E569A00F565CB /* LaunchScreen.storyboard */; };
		9429397E229EB19A0018160C /* CountOnMeUITests.swift in Sources */ = {isa = PBXBuildFile; fileRef = 9429397D229EB19A0018160C /* CountOnMeUITests.swift */; };
		94293986229EDF310018160C /* Calculator.swift in Sources */ = {isa = PBXBuildFile; fileRef = 94293985229EDF310018160C /* Calculator.swift */; };
		9429398922A059FE0018160C /* CalculatorTestCase.swift in Sources */ = {isa = PBXBuildFile; fileRef = 9429398822A059FE0018160C /* CalculatorTestCase.swift */; };
		9429399322A05E600018160C /* .swiftlint.yml in Resources */ = {isa = PBXBuildFile; fileRef = 9429399222A05E600018160C /* .swiftlint.yml */; };
		943B0AA422AC316E0092A4CD /* .swiftlint.yml in Resources */ = {isa = PBXBuildFile; fileRef = 943B0AA322AC316E0092A4CD /* .swiftlint.yml */; };
		94DB0F2722B147B40006FFB4 /* .swiftlint.yml in Resources */ = {isa = PBXBuildFile; fileRef = 94DB0F2622B147B40006FFB4 /* .swiftlint.yml */; };
/* End PBXBuildFile section */

/* Begin PBXContainerItemProxy section */
		94293972229EB1890018160C /* PBXContainerItemProxy */ = {
			isa = PBXContainerItemProxy;
			containerPortal = 1FA43BC7224E569900F565CB /* Project object */;
			proxyType = 1;
			remoteGlobalIDString = 1FA43BCE224E569900F565CB;
			remoteInfo = CountOnMe;
		};
		94293980229EB19A0018160C /* PBXContainerItemProxy */ = {
			isa = PBXContainerItemProxy;
			containerPortal = 1FA43BC7224E569900F565CB /* Project object */;
			proxyType = 1;
			remoteGlobalIDString = 1FA43BCE224E569900F565CB;
			remoteInfo = CountOnMe;
		};
/* End PBXContainerItemProxy section */

/* Begin PBXFileReference section */
		1FA43BCF224E569900F565CB /* CountOnMe.app */ = {isa = PBXFileReference; explicitFileType = wrapper.application; includeInIndex = 0; path = CountOnMe.app; sourceTree = BUILT_PRODUCTS_DIR; };
		1FA43BD2224E569900F565CB /* AppDelegate.swift */ = {isa = PBXFileReference; lastKnownFileType = sourcecode.swift; path = AppDelegate.swift; sourceTree = "<group>"; };
		1FA43BD4224E569900F565CB /* ViewController.swift */ = {isa = PBXFileReference; lastKnownFileType = sourcecode.swift; path = ViewController.swift; sourceTree = "<group>"; };
		1FA43BD7224E569900F565CB /* Base */ = {isa = PBXFileReference; lastKnownFileType = file.storyboard; name = Base; path = Base.lproj/Main.storyboard; sourceTree = "<group>"; };
		1FA43BD9224E569A00F565CB /* Assets.xcassets */ = {isa = PBXFileReference; lastKnownFileType = folder.assetcatalog; path = Assets.xcassets; sourceTree = "<group>"; };
		1FA43BDC224E569A00F565CB /* Base */ = {isa = PBXFileReference; lastKnownFileType = file.storyboard; name = Base; path = Base.lproj/LaunchScreen.storyboard; sourceTree = "<group>"; };
		1FA43BDE224E569A00F565CB /* Info.plist */ = {isa = PBXFileReference; lastKnownFileType = text.plist.xml; path = Info.plist; sourceTree = "<group>"; };
		9429396D229EB1890018160C /* CountOnMeTests.xctest */ = {isa = PBXFileReference; explicitFileType = wrapper.cfbundle; includeInIndex = 0; path = CountOnMeTests.xctest; sourceTree = BUILT_PRODUCTS_DIR; };
		94293971229EB1890018160C /* Info.plist */ = {isa = PBXFileReference; lastKnownFileType = text.plist.xml; path = Info.plist; sourceTree = "<group>"; };
		9429397B229EB19A0018160C /* CountOnMeUITests.xctest */ = {isa = PBXFileReference; explicitFileType = wrapper.cfbundle; includeInIndex = 0; path = CountOnMeUITests.xctest; sourceTree = BUILT_PRODUCTS_DIR; };
		9429397D229EB19A0018160C /* CountOnMeUITests.swift */ = {isa = PBXFileReference; lastKnownFileType = sourcecode.swift; path = CountOnMeUITests.swift; sourceTree = "<group>"; };
		9429397F229EB19A0018160C /* Info.plist */ = {isa = PBXFileReference; lastKnownFileType = text.plist.xml; path = Info.plist; sourceTree = "<group>"; };
		94293985229EDF310018160C /* Calculator.swift */ = {isa = PBXFileReference; lastKnownFileType = sourcecode.swift; path = Calculator.swift; sourceTree = "<group>"; };
		9429398822A059FE0018160C /* CalculatorTestCase.swift */ = {isa = PBXFileReference; lastKnownFileType = sourcecode.swift; path = CalculatorTestCase.swift; sourceTree = "<group>"; };
		9429399222A05E600018160C /* .swiftlint.yml */ = {isa = PBXFileReference; lastKnownFileType = text; path = .swiftlint.yml; sourceTree = "<group>"; };
		943B0AA322AC316E0092A4CD /* .swiftlint.yml */ = {isa = PBXFileReference; lastKnownFileType = text; path = .swiftlint.yml; sourceTree = "<group>"; };
		94DB0F2622B147B40006FFB4 /* .swiftlint.yml */ = {isa = PBXFileReference; lastKnownFileType = text; path = .swiftlint.yml; sourceTree = "<group>"; };
/* End PBXFileReference section */

/* Begin PBXFrameworksBuildPhase section */
		1FA43BCC224E569900F565CB /* Frameworks */ = {
			isa = PBXFrameworksBuildPhase;
			buildActionMask = 2147483647;
			files = (
			);
			runOnlyForDeploymentPostprocessing = 0;
		};
		9429396A229EB1890018160C /* Frameworks */ = {
			isa = PBXFrameworksBuildPhase;
			buildActionMask = 2147483647;
			files = (
			);
			runOnlyForDeploymentPostprocessing = 0;
		};
		94293978229EB19A0018160C /* Frameworks */ = {
			isa = PBXFrameworksBuildPhase;
			buildActionMask = 2147483647;
			files = (
			);
			runOnlyForDeploymentPostprocessing = 0;
		};
/* End PBXFrameworksBuildPhase section */

/* Begin PBXGroup section */
		1FA43BC6224E569900F565CB = {
			isa = PBXGroup;
			children = (
				1FA43BD1224E569900F565CB /* CountOnMe */,
				9429396E229EB1890018160C /* CountOnMeTests */,
				9429397C229EB19A0018160C /* CountOnMeUITests */,
				1FA43BD0224E569900F565CB /* Products */,
			);
			sourceTree = "<group>";
		};
		1FA43BD0224E569900F565CB /* Products */ = {
			isa = PBXGroup;
			children = (
				1FA43BCF224E569900F565CB /* CountOnMe.app */,
				9429396D229EB1890018160C /* CountOnMeTests.xctest */,
				9429397B229EB19A0018160C /* CountOnMeUITests.xctest */,
			);
			name = Products;
			sourceTree = "<group>";
		};
		1FA43BD1224E569900F565CB /* CountOnMe */ = {
			isa = PBXGroup;
			children = (
				94293944229E92E10018160C /* Model */,
				94293941229E92370018160C /* View */,
				94293945229E92E80018160C /* Controller */,
				94293943229E92D40018160C /* Supporting Files */,
			);
			path = CountOnMe;
			sourceTree = "<group>";
		};
		94293941229E92370018160C /* View */ = {
			isa = PBXGroup;
			children = (
				1FA43BD6224E569900F565CB /* Main.storyboard */,
			);
			name = View;
			sourceTree = "<group>";
		};
		94293943229E92D40018160C /* Supporting Files */ = {
			isa = PBXGroup;
			children = (
				9429399222A05E600018160C /* .swiftlint.yml */,
				1FA43BDE224E569A00F565CB /* Info.plist */,
				1FA43BD9224E569A00F565CB /* Assets.xcassets */,
				1FA43BDB224E569A00F565CB /* LaunchScreen.storyboard */,
				1FA43BD2224E569900F565CB /* AppDelegate.swift */,
			);
			name = "Supporting Files";
			sourceTree = "<group>";
		};
		94293944229E92E10018160C /* Model */ = {
			isa = PBXGroup;
			children = (
				94293985229EDF310018160C /* Calculator.swift */,
			);
			name = Model;
			sourceTree = "<group>";
		};
		94293945229E92E80018160C /* Controller */ = {
			isa = PBXGroup;
			children = (
				1FA43BD4224E569900F565CB /* ViewController.swift */,
			);
			name = Controller;
			sourceTree = "<group>";
		};
		9429396E229EB1890018160C /* CountOnMeTests */ = {
			isa = PBXGroup;
			children = (
				9429398822A059FE0018160C /* CalculatorTestCase.swift */,
				94293971229EB1890018160C /* Info.plist */,
				943B0AA322AC316E0092A4CD /* .swiftlint.yml */,
			);
			path = CountOnMeTests;
			sourceTree = "<group>";
		};
		9429397C229EB19A0018160C /* CountOnMeUITests */ = {
			isa = PBXGroup;
			children = (
				9429397D229EB19A0018160C /* CountOnMeUITests.swift */,
				94DB0F2622B147B40006FFB4 /* .swiftlint.yml */,
				9429397F229EB19A0018160C /* Info.plist */,
			);
			path = CountOnMeUITests;
			sourceTree = "<group>";
		};
/* End PBXGroup section */

/* Begin PBXNativeTarget section */
		1FA43BCE224E569900F565CB /* CountOnMe */ = {
			isa = PBXNativeTarget;
			buildConfigurationList = 1FA43BF7224E569A00F565CB /* Build configuration list for PBXNativeTarget "CountOnMe" */;
			buildPhases = (
				1FA43BCB224E569900F565CB /* Sources */,
				1FA43BCC224E569900F565CB /* Frameworks */,
				1FA43BCD224E569900F565CB /* Resources */,
				94293942229E927C0018160C /* ShellScript */,
			);
			buildRules = (
			);
			dependencies = (
			);
			name = CountOnMe;
			productName = SimpleCalc;
			productReference = 1FA43BCF224E569900F565CB /* CountOnMe.app */;
			productType = "com.apple.product-type.application";
		};
		9429396C229EB1890018160C /* CountOnMeTests */ = {
			isa = PBXNativeTarget;
			buildConfigurationList = 94293974229EB1890018160C /* Build configuration list for PBXNativeTarget "CountOnMeTests" */;
			buildPhases = (
				94293969229EB1890018160C /* Sources */,
				9429396A229EB1890018160C /* Frameworks */,
				9429396B229EB1890018160C /* Resources */,
			);
			buildRules = (
			);
			dependencies = (
				94293973229EB1890018160C /* PBXTargetDependency */,
			);
			name = CountOnMeTests;
			productName = CountOnMeTests;
			productReference = 9429396D229EB1890018160C /* CountOnMeTests.xctest */;
			productType = "com.apple.product-type.bundle.unit-test";
		};
		9429397A229EB19A0018160C /* CountOnMeUITests */ = {
			isa = PBXNativeTarget;
			buildConfigurationList = 94293982229EB19A0018160C /* Build configuration list for PBXNativeTarget "CountOnMeUITests" */;
			buildPhases = (
				94293977229EB19A0018160C /* Sources */,
				94293978229EB19A0018160C /* Frameworks */,
				94293979229EB19A0018160C /* Resources */,
			);
			buildRules = (
			);
			dependencies = (
				94293981229EB19A0018160C /* PBXTargetDependency */,
			);
			name = CountOnMeUITests;
			productName = CountOnMeUITests;
			productReference = 9429397B229EB19A0018160C /* CountOnMeUITests.xctest */;
			productType = "com.apple.product-type.bundle.ui-testing";
		};
/* End PBXNativeTarget section */

/* Begin PBXProject section */
		1FA43BC7224E569900F565CB /* Project object */ = {
			isa = PBXProject;
			attributes = {
				LastSwiftUpdateCheck = 1020;
				LastUpgradeCheck = 1020;
				ORGANIZATIONNAME = "Vincent Saluzzo";
				TargetAttributes = {
					1FA43BCE224E569900F565CB = {
						CreatedOnToolsVersion = 10.2;
					};
					9429396C229EB1890018160C = {
						CreatedOnToolsVersion = 10.2.1;
						LastSwiftMigration = 1020;
						TestTargetID = 1FA43BCE224E569900F565CB;
					};
					9429397A229EB19A0018160C = {
						CreatedOnToolsVersion = 10.2.1;
						TestTargetID = 1FA43BCE224E569900F565CB;
					};
				};
			};
			buildConfigurationList = 1FA43BCA224E569900F565CB /* Build configuration list for PBXProject "CountOnMe" */;
			compatibilityVersion = "Xcode 9.3";
			developmentRegion = en;
			hasScannedForEncodings = 0;
			knownRegions = (
				en,
				Base,
			);
			mainGroup = 1FA43BC6224E569900F565CB;
			productRefGroup = 1FA43BD0224E569900F565CB /* Products */;
			projectDirPath = "";
			projectRoot = "";
			targets = (
				1FA43BCE224E569900F565CB /* CountOnMe */,
				9429396C229EB1890018160C /* CountOnMeTests */,
				9429397A229EB19A0018160C /* CountOnMeUITests */,
			);
		};
/* End PBXProject section */

/* Begin PBXResourcesBuildPhase section */
		1FA43BCD224E569900F565CB /* Resources */ = {
			isa = PBXResourcesBuildPhase;
			buildActionMask = 2147483647;
			files = (
				9429399322A05E600018160C /* .swiftlint.yml in Resources */,
				1FA43BDD224E569A00F565CB /* LaunchScreen.storyboard in Resources */,
				1FA43BDA224E569A00F565CB /* Assets.xcassets in Resources */,
				1FA43BD8224E569900F565CB /* Main.storyboard in Resources */,
			);
			runOnlyForDeploymentPostprocessing = 0;
		};
		9429396B229EB1890018160C /* Resources */ = {
			isa = PBXResourcesBuildPhase;
			buildActionMask = 2147483647;
			files = (
				943B0AA422AC316E0092A4CD /* .swiftlint.yml in Resources */,
			);
			runOnlyForDeploymentPostprocessing = 0;
		};
		94293979229EB19A0018160C /* Resources */ = {
			isa = PBXResourcesBuildPhase;
			buildActionMask = 2147483647;
			files = (
				94DB0F2722B147B40006FFB4 /* .swiftlint.yml in Resources */,
			);
			runOnlyForDeploymentPostprocessing = 0;
		};
/* End PBXResourcesBuildPhase section */

/* Begin PBXShellScriptBuildPhase section */
		94293942229E927C0018160C /* ShellScript */ = {
			isa = PBXShellScriptBuildPhase;
			buildActionMask = 2147483647;
			files = (
			);
			inputFileListPaths = (
			);
			inputPaths = (
			);
			outputFileListPaths = (
			);
			outputPaths = (
			);
			runOnlyForDeploymentPostprocessing = 0;
			shellPath = /bin/sh;
			shellScript = "if which swiftlint >/dev/null; then\nswiftlint\nelse\necho \"warning: SwiftLint not installed, download from https://github.com/realm/SwiftLint\"\nfi\n\n";
		};
/* End PBXShellScriptBuildPhase section */

/* Begin PBXSourcesBuildPhase section */
		1FA43BCB224E569900F565CB /* Sources */ = {
			isa = PBXSourcesBuildPhase;
			buildActionMask = 2147483647;
			files = (
				1FA43BD5224E569900F565CB /* ViewController.swift in Sources */,
				1FA43BD3224E569900F565CB /* AppDelegate.swift in Sources */,
				94293986229EDF310018160C /* Calculator.swift in Sources */,
			);
			runOnlyForDeploymentPostprocessing = 0;
		};
		94293969229EB1890018160C /* Sources */ = {
			isa = PBXSourcesBuildPhase;
			buildActionMask = 2147483647;
			files = (
				9429398922A059FE0018160C /* CalculatorTestCase.swift in Sources */,
			);
			runOnlyForDeploymentPostprocessing = 0;
		};
		94293977229EB19A0018160C /* Sources */ = {
			isa = PBXSourcesBuildPhase;
			buildActionMask = 2147483647;
			files = (
				9429397E229EB19A0018160C /* CountOnMeUITests.swift in Sources */,
			);
			runOnlyForDeploymentPostprocessing = 0;
		};
/* End PBXSourcesBuildPhase section */

/* Begin PBXTargetDependency section */
		94293973229EB1890018160C /* PBXTargetDependency */ = {
			isa = PBXTargetDependency;
			target = 1FA43BCE224E569900F565CB /* CountOnMe */;
			targetProxy = 94293972229EB1890018160C /* PBXContainerItemProxy */;
		};
		94293981229EB19A0018160C /* PBXTargetDependency */ = {
			isa = PBXTargetDependency;
			target = 1FA43BCE224E569900F565CB /* CountOnMe */;
			targetProxy = 94293980229EB19A0018160C /* PBXContainerItemProxy */;
		};
/* End PBXTargetDependency section */

/* Begin PBXVariantGroup section */
		1FA43BD6224E569900F565CB /* Main.storyboard */ = {
			isa = PBXVariantGroup;
			children = (
				1FA43BD7224E569900F565CB /* Base */,
			);
			name = Main.storyboard;
			sourceTree = "<group>";
		};
		1FA43BDB224E569A00F565CB /* LaunchScreen.storyboard */ = {
			isa = PBXVariantGroup;
			children = (
				1FA43BDC224E569A00F565CB /* Base */,
			);
			name = LaunchScreen.storyboard;
			sourceTree = "<group>";
		};
/* End PBXVariantGroup section */

/* Begin XCBuildConfiguration section */
		1FA43BF5224E569A00F565CB /* Debug */ = {
			isa = XCBuildConfiguration;
			buildSettings = {
				ALWAYS_SEARCH_USER_PATHS = NO;
				CLANG_ANALYZER_NONNULL = YES;
				CLANG_ANALYZER_NUMBER_OBJECT_CONVERSION = YES_AGGRESSIVE;
				CLANG_CXX_LANGUAGE_STANDARD = "gnu++14";
				CLANG_CXX_LIBRARY = "libc++";
				CLANG_ENABLE_MODULES = YES;
				CLANG_ENABLE_OBJC_ARC = YES;
				CLANG_ENABLE_OBJC_WEAK = YES;
				CLANG_WARN_BLOCK_CAPTURE_AUTORELEASING = YES;
				CLANG_WARN_BOOL_CONVERSION = YES;
				CLANG_WARN_COMMA = YES;
				CLANG_WARN_CONSTANT_CONVERSION = YES;
				CLANG_WARN_DEPRECATED_OBJC_IMPLEMENTATIONS = YES;
				CLANG_WARN_DIRECT_OBJC_ISA_USAGE = YES_ERROR;
				CLANG_WARN_DOCUMENTATION_COMMENTS = YES;
				CLANG_WARN_EMPTY_BODY = YES;
				CLANG_WARN_ENUM_CONVERSION = YES;
				CLANG_WARN_INFINITE_RECURSION = YES;
				CLANG_WARN_INT_CONVERSION = YES;
				CLANG_WARN_NON_LITERAL_NULL_CONVERSION = YES;
				CLANG_WARN_OBJC_IMPLICIT_RETAIN_SELF = YES;
				CLANG_WARN_OBJC_LITERAL_CONVERSION = YES;
				CLANG_WARN_OBJC_ROOT_CLASS = YES_ERROR;
				CLANG_WARN_RANGE_LOOP_ANALYSIS = YES;
				CLANG_WARN_STRICT_PROTOTYPES = YES;
				CLANG_WARN_SUSPICIOUS_MOVE = YES;
				CLANG_WARN_UNGUARDED_AVAILABILITY = YES_AGGRESSIVE;
				CLANG_WARN_UNREACHABLE_CODE = YES;
				CLANG_WARN__DUPLICATE_METHOD_MATCH = YES;
				CODE_SIGN_IDENTITY = "iPhone Developer";
				COPY_PHASE_STRIP = NO;
				DEBUG_INFORMATION_FORMAT = dwarf;
				ENABLE_STRICT_OBJC_MSGSEND = YES;
				ENABLE_TESTABILITY = YES;
				GCC_C_LANGUAGE_STANDARD = gnu11;
				GCC_DYNAMIC_NO_PIC = NO;
				GCC_NO_COMMON_BLOCKS = YES;
				GCC_OPTIMIZATION_LEVEL = 0;
				GCC_PREPROCESSOR_DEFINITIONS = (
					"DEBUG=1",
					"$(inherited)",
				);
				GCC_WARN_64_TO_32_BIT_CONVERSION = YES;
				GCC_WARN_ABOUT_RETURN_TYPE = YES_ERROR;
				GCC_WARN_UNDECLARED_SELECTOR = YES;
				GCC_WARN_UNINITIALIZED_AUTOS = YES_AGGRESSIVE;
				GCC_WARN_UNUSED_FUNCTION = YES;
				GCC_WARN_UNUSED_VARIABLE = YES;
				IPHONEOS_DEPLOYMENT_TARGET = 12.2;
				MTL_ENABLE_DEBUG_INFO = INCLUDE_SOURCE;
				MTL_FAST_MATH = YES;
				ONLY_ACTIVE_ARCH = YES;
				SDKROOT = iphoneos;
				SWIFT_ACTIVE_COMPILATION_CONDITIONS = DEBUG;
				SWIFT_OPTIMIZATION_LEVEL = "-Onone";
			};
			name = Debug;
		};
		1FA43BF6224E569A00F565CB /* Release */ = {
			isa = XCBuildConfiguration;
			buildSettings = {
				ALWAYS_SEARCH_USER_PATHS = NO;
				CLANG_ANALYZER_NONNULL = YES;
				CLANG_ANALYZER_NUMBER_OBJECT_CONVERSION = YES_AGGRESSIVE;
				CLANG_CXX_LANGUAGE_STANDARD = "gnu++14";
				CLANG_CXX_LIBRARY = "libc++";
				CLANG_ENABLE_MODULES = YES;
				CLANG_ENABLE_OBJC_ARC = YES;
				CLANG_ENABLE_OBJC_WEAK = YES;
				CLANG_WARN_BLOCK_CAPTURE_AUTORELEASING = YES;
				CLANG_WARN_BOOL_CONVERSION = YES;
				CLANG_WARN_COMMA = YES;
				CLANG_WARN_CONSTANT_CONVERSION = YES;
				CLANG_WARN_DEPRECATED_OBJC_IMPLEMENTATIONS = YES;
				CLANG_WARN_DIRECT_OBJC_ISA_USAGE = YES_ERROR;
				CLANG_WARN_DOCUMENTATION_COMMENTS = YES;
				CLANG_WARN_EMPTY_BODY = YES;
				CLANG_WARN_ENUM_CONVERSION = YES;
				CLANG_WARN_INFINITE_RECURSION = YES;
				CLANG_WARN_INT_CONVERSION = YES;
				CLANG_WARN_NON_LITERAL_NULL_CONVERSION = YES;
				CLANG_WARN_OBJC_IMPLICIT_RETAIN_SELF = YES;
				CLANG_WARN_OBJC_LITERAL_CONVERSION = YES;
				CLANG_WARN_OBJC_ROOT_CLASS = YES_ERROR;
				CLANG_WARN_RANGE_LOOP_ANALYSIS = YES;
				CLANG_WARN_STRICT_PROTOTYPES = YES;
				CLANG_WARN_SUSPICIOUS_MOVE = YES;
				CLANG_WARN_UNGUARDED_AVAILABILITY = YES_AGGRESSIVE;
				CLANG_WARN_UNREACHABLE_CODE = YES;
				CLANG_WARN__DUPLICATE_METHOD_MATCH = YES;
				CODE_SIGN_IDENTITY = "iPhone Developer";
				COPY_PHASE_STRIP = NO;
				DEBUG_INFORMATION_FORMAT = "dwarf-with-dsym";
				ENABLE_NS_ASSERTIONS = NO;
				ENABLE_STRICT_OBJC_MSGSEND = YES;
				GCC_C_LANGUAGE_STANDARD = gnu11;
				GCC_NO_COMMON_BLOCKS = YES;
				GCC_WARN_64_TO_32_BIT_CONVERSION = YES;
				GCC_WARN_ABOUT_RETURN_TYPE = YES_ERROR;
				GCC_WARN_UNDECLARED_SELECTOR = YES;
				GCC_WARN_UNINITIALIZED_AUTOS = YES_AGGRESSIVE;
				GCC_WARN_UNUSED_FUNCTION = YES;
				GCC_WARN_UNUSED_VARIABLE = YES;
				IPHONEOS_DEPLOYMENT_TARGET = 12.2;
				MTL_ENABLE_DEBUG_INFO = NO;
				MTL_FAST_MATH = YES;
				SDKROOT = iphoneos;
				SWIFT_COMPILATION_MODE = wholemodule;
				SWIFT_OPTIMIZATION_LEVEL = "-O";
				VALIDATE_PRODUCT = YES;
			};
			name = Release;
		};
		1FA43BF8224E569A00F565CB /* Debug */ = {
			isa = XCBuildConfiguration;
			buildSettings = {
				ASSETCATALOG_COMPILER_APPICON_NAME = AppIcon;
				CODE_SIGN_STYLE = Automatic;
				DEVELOPMENT_TEAM = QW59HMZCU4;
				INFOPLIST_FILE = "$(SRCROOT)/CountOnMe/Info.plist";
				IPHONEOS_DEPLOYMENT_TARGET = 11.0;
				LD_RUNPATH_SEARCH_PATHS = (
					"$(inherited)",
					"@executable_path/Frameworks",
				);
				PRODUCT_BUNDLE_IDENTIFIER = com.paulleclerc;
				PRODUCT_NAME = "$(TARGET_NAME)";
				SWIFT_VERSION = 5.0;
				TARGETED_DEVICE_FAMILY = "1,2";
			};
			name = Debug;
		};
		1FA43BF9224E569A00F565CB /* Release */ = {
			isa = XCBuildConfiguration;
			buildSettings = {
				ASSETCATALOG_COMPILER_APPICON_NAME = AppIcon;
				CODE_SIGN_STYLE = Automatic;
				DEVELOPMENT_TEAM = QW59HMZCU4;
				INFOPLIST_FILE = "$(SRCROOT)/CountOnMe/Info.plist";
				IPHONEOS_DEPLOYMENT_TARGET = 11.0;
				LD_RUNPATH_SEARCH_PATHS = (
					"$(inherited)",
					"@executable_path/Frameworks",
				);
				PRODUCT_BUNDLE_IDENTIFIER = com.paulleclerc;
				PRODUCT_NAME = "$(TARGET_NAME)";
				SWIFT_VERSION = 5.0;
				TARGETED_DEVICE_FAMILY = "1,2";
			};
			name = Release;
		};
		94293975229EB1890018160C /* Debug */ = {
			isa = XCBuildConfiguration;
			buildSettings = {
				BUNDLE_LOADER = "$(TEST_HOST)";
				CLANG_ENABLE_MODULES = YES;
				CODE_SIGN_STYLE = Automatic;
				DEVELOPMENT_TEAM = QW59HMZCU4;
				INFOPLIST_FILE = CountOnMeTests/Info.plist;
				LD_RUNPATH_SEARCH_PATHS = (
					"$(inherited)",
					"@executable_path/Frameworks",
					"@loader_path/Frameworks",
				);
				PRODUCT_BUNDLE_IDENTIFIER = com.paulleclerc.CountOnMeTests;
				PRODUCT_NAME = "$(TARGET_NAME)";
				SWIFT_OPTIMIZATION_LEVEL = "-Onone";
				SWIFT_VERSION = 5.0;
				TARGETED_DEVICE_FAMILY = "1,2";
				TEST_HOST = "$(BUILT_PRODUCTS_DIR)/CountOnMe.app/CountOnMe";
			};
			name = Debug;
		};
		94293976229EB1890018160C /* Release */ = {
			isa = XCBuildConfiguration;
			buildSettings = {
				BUNDLE_LOADER = "$(TEST_HOST)";
				CLANG_ENABLE_MODULES = YES;
				CODE_SIGN_STYLE = Automatic;
				DEVELOPMENT_TEAM = QW59HMZCU4;
				INFOPLIST_FILE = CountOnMeTests/Info.plist;
				LD_RUNPATH_SEARCH_PATHS = (
					"$(inherited)",
					"@executable_path/Frameworks",
					"@loader_path/Frameworks",
				);
				PRODUCT_BUNDLE_IDENTIFIER = com.paulleclerc.CountOnMeTests;
				PRODUCT_NAME = "$(TARGET_NAME)";
				SWIFT_VERSION = 5.0;
				TARGETED_DEVICE_FAMILY = "1,2";
				TEST_HOST = "$(BUILT_PRODUCTS_DIR)/CountOnMe.app/CountOnMe";
			};
			name = Release;
		};
		94293983229EB19A0018160C /* Debug */ = {
			isa = XCBuildConfiguration;
			buildSettings = {
				CODE_SIGN_STYLE = Automatic;
				DEVELOPMENT_TEAM = QW59HMZCU4;
				INFOPLIST_FILE = CountOnMeUITests/Info.plist;
				LD_RUNPATH_SEARCH_PATHS = (
					"$(inherited)",
					"@executable_path/Frameworks",
					"@loader_path/Frameworks",
				);
				PRODUCT_BUNDLE_IDENTIFIER = com.paulleclerc.CountOnMeUITests;
				PRODUCT_NAME = "$(TARGET_NAME)";
				SWIFT_VERSION = 5.0;
				TARGETED_DEVICE_FAMILY = "1,2";
				TEST_TARGET_NAME = CountOnMe;
			};
			name = Debug;
		};
		94293984229EB19A0018160C /* Release */ = {
			isa = XCBuildConfiguration;
			buildSettings = {
				CODE_SIGN_STYLE = Automatic;
				DEVELOPMENT_TEAM = QW59HMZCU4;
				INFOPLIST_FILE = CountOnMeUITests/Info.plist;
				LD_RUNPATH_SEARCH_PATHS = (
					"$(inherited)",
					"@executable_path/Frameworks",
					"@loader_path/Frameworks",
				);
				PRODUCT_BUNDLE_IDENTIFIER = com.paulleclerc.CountOnMeUITests;
				PRODUCT_NAME = "$(TARGET_NAME)";
				SWIFT_VERSION = 5.0;
				TARGETED_DEVICE_FAMILY = "1,2";
				TEST_TARGET_NAME = CountOnMe;
			};
			name = Release;
		};
/* End XCBuildConfiguration section */

/* Begin XCConfigurationList section */
		1FA43BCA224E569900F565CB /* Build configuration list for PBXProject "CountOnMe" */ = {
			isa = XCConfigurationList;
			buildConfigurations = (
				1FA43BF5224E569A00F565CB /* Debug */,
				1FA43BF6224E569A00F565CB /* Release */,
			);
			defaultConfigurationIsVisible = 0;
			defaultConfigurationName = Release;
		};
		1FA43BF7224E569A00F565CB /* Build configuration list for PBXNativeTarget "CountOnMe" */ = {
			isa = XCConfigurationList;
			buildConfigurations = (
				1FA43BF8224E569A00F565CB /* Debug */,
				1FA43BF9224E569A00F565CB /* Release */,
			);
			defaultConfigurationIsVisible = 0;
			defaultConfigurationName = Release;
		};
		94293974229EB1890018160C /* Build configuration list for PBXNativeTarget "CountOnMeTests" */ = {
			isa = XCConfigurationList;
			buildConfigurations = (
				94293975229EB1890018160C /* Debug */,
				94293976229EB1890018160C /* Release */,
			);
			defaultConfigurationIsVisible = 0;
			defaultConfigurationName = Release;
		};
		94293982229EB19A0018160C /* Build configuration list for PBXNativeTarget "CountOnMeUITests" */ = {
			isa = XCConfigurationList;
			buildConfigurations = (
				94293983229EB19A0018160C /* Debug */,
				94293984229EB19A0018160C /* Release */,
			);
			defaultConfigurationIsVisible = 0;
			defaultConfigurationName = Release;
		};
/* End XCConfigurationList section */
	};
	rootObject = 1FA43BC7224E569900F565CB /* Project object */;
}
